
Microsoft Visual Studio Solution File, Format Version 12.00
# Visual Studio 15
VisualStudioVersion = 15.0.27703.2047
MinimumVisualStudioVersion = 10.0.40219.1
Project("{9A19103F-16F7-4668-BE54-9A1E7A4F7556}") = "Tradeio.Client", "Tradeio.Client\Tradeio.Client.csproj", "{EAC05B67-EC78-47C2-9120-0F672D2164BF}"
EndProject
Project("{9A19103F-16F7-4668-BE54-9A1E7A4F7556}") = "Tradeio.Client.Example", "Tradeio.Client.Example\Tradeio.Client.Example.csproj", "{F6E01AFA-79D4-45EA-B4F9-D87F43495BF2}"
EndProject
Global
	GlobalSection(SolutionConfigurationPlatforms) = preSolution
		Debug|Any CPU = Debug|Any CPU
		Release|Any CPU = Release|Any CPU
	EndGlobalSection
	GlobalSection(ProjectConfigurationPlatforms) = postSolution
		{EAC05B67-EC78-47C2-9120-0F672D2164BF}.Debug|Any CPU.ActiveCfg = Debug|Any CPU
		{EAC05B67-EC78-47C2-9120-0F672D2164BF}.Debug|Any CPU.Build.0 = Debug|Any CPU
		{EAC05B67-EC78-47C2-9120-0F672D2164BF}.Release|Any CPU.ActiveCfg = Release|Any CPU
		{EAC05B67-EC78-47C2-9120-0F672D2164BF}.Release|Any CPU.Build.0 = Release|Any CPU
		{F6E01AFA-79D4-45EA-B4F9-D87F43495BF2}.Debug|Any CPU.ActiveCfg = Debug|Any CPU
		{F6E01AFA-79D4-45EA-B4F9-D87F43495BF2}.Debug|Any CPU.Build.0 = Debug|Any CPU
		{F6E01AFA-79D4-45EA-B4F9-D87F43495BF2}.Release|Any CPU.ActiveCfg = Release|Any CPU
		{F6E01AFA-79D4-45EA-B4F9-D87F43495BF2}.Release|Any CPU.Build.0 = Release|Any CPU
	EndGlobalSection
	GlobalSection(SolutionProperties) = preSolution
		HideSolutionNode = FALSE
	EndGlobalSection
	GlobalSection(ExtensibilityGlobals) = postSolution
		SolutionGuid = {C3F684FA-B6C1-4079-97BA-8B30AAE5DD2B}
	EndGlobalSection
EndGlobal
